
Microsoft Visual Studio Solution File, Format Version 12.00
# Visual Studio 15
VisualStudioVersion = 15.0.27004.2006
MinimumVisualStudioVersion = 10.0.40219.1
Project("{FAE04EC0-301F-11D3-BF4B-00C04F79EFBC}") = "ConsoleApp1", "ConsoleApp1\ConsoleApp1.csproj", "{7CDDCDD5-6B15-4F80-AB3F-6B41C5692B9E}"
EndProject
Global
	GlobalSection(SolutionConfigurationPlatforms) = preSolution
		Debug|Any CPU = Debug|Any CPU
		Release|Any CPU = Release|Any CPU
	EndGlobalSection
	GlobalSection(ProjectConfigurationPlatforms) = postSolution
		{7CDDCDD5-6B15-4F80-AB3F-6B41C5692B9E}.Debug|Any CPU.ActiveCfg = Debug|Any CPU
		{7CDDCDD5-6B15-4F80-AB3F-6B41C5692B9E}.Debug|Any CPU.Build.0 = Debug|Any CPU
		{7CDDCDD5-6B15-4F80-AB3F-6B41C5692B9E}.Release|Any CPU.ActiveCfg = Release|Any CPU
		{7CDDCDD5-6B15-4F80-AB3F-6B41C5692B9E}.Release|Any CPU.Build.0 = Release|Any CPU
	EndGlobalSection
	GlobalSection(SolutionProperties) = preSolution
		HideSolutionNode = FALSE
	EndGlobalSection
	GlobalSection(ExtensibilityGlobals) = postSolution
		SolutionGuid = {8EE60B5A-0E9A-45E6-9891-813C8198BB5C}
	EndGlobalSection
EndGlobal
